
Microsoft Visual Studio Solution File, Format Version 12.00
# Visual Studio Version 17
VisualStudioVersion = 17.1.32421.90
MinimumVisualStudioVersion = 10.0.40219.1
Project("{2150E333-8FDC-42A3-9474-1A3956D46DE8}") = "FrontEnd", "FrontEnd", "{82030303-8E37-4674-8F9C-A5DBA5F2B57B}"
EndProject
Project("{FAE04EC0-301F-11D3-BF4B-00C04F79EFBC}") = "Tasty.Web", "Tasty.Web\Tasty.Web.csproj", "{FEED204A-E1F3-48A7-BCBF-F6D5F378B171}"
EndProject
Project("{2150E333-8FDC-42A3-9474-1A3956D46DE8}") = "Services", "Services", "{D86E7F88-94D3-447B-8912-E48E8259B13B}"
EndProject
Project("{FAE04EC0-301F-11D3-BF4B-00C04F79EFBC}") = "Tasty.Services.ProductAPI", "Tasty.Services.ProductAPI\Tasty.Services.ProductAPI.csproj", "{C7B28BCE-59CD-4F0F-A658-3C254089B873}"
EndProject
Global
	GlobalSection(SolutionConfigurationPlatforms) = preSolution
		Debug|Any CPU = Debug|Any CPU
		Release|Any CPU = Release|Any CPU
	EndGlobalSection
	GlobalSection(ProjectConfigurationPlatforms) = postSolution
		{FEED204A-E1F3-48A7-BCBF-F6D5F378B171}.Debug|Any CPU.ActiveCfg = Debug|Any CPU
		{FEED204A-E1F3-48A7-BCBF-F6D5F378B171}.Debug|Any CPU.Build.0 = Debug|Any CPU
		{FEED204A-E1F3-48A7-BCBF-F6D5F378B171}.Release|Any CPU.ActiveCfg = Release|Any CPU
		{FEED204A-E1F3-48A7-BCBF-F6D5F378B171}.Release|Any CPU.Build.0 = Release|Any CPU
		{C7B28BCE-59CD-4F0F-A658-3C254089B873}.Debug|Any CPU.ActiveCfg = Debug|Any CPU
		{C7B28BCE-59CD-4F0F-A658-3C254089B873}.Debug|Any CPU.Build.0 = Debug|Any CPU
		{C7B28BCE-59CD-4F0F-A658-3C254089B873}.Release|Any CPU.ActiveCfg = Release|Any CPU
		{C7B28BCE-59CD-4F0F-A658-3C254089B873}.Release|Any CPU.Build.0 = Release|Any CPU
	EndGlobalSection
	GlobalSection(SolutionProperties) = preSolution
		HideSolutionNode = FALSE
	EndGlobalSection
	GlobalSection(NestedProjects) = preSolution
		{FEED204A-E1F3-48A7-BCBF-F6D5F378B171} = {82030303-8E37-4674-8F9C-A5DBA5F2B57B}
		{C7B28BCE-59CD-4F0F-A658-3C254089B873} = {D86E7F88-94D3-447B-8912-E48E8259B13B}
	EndGlobalSection
	GlobalSection(ExtensibilityGlobals) = postSolution
		SolutionGuid = {4E4BC5DD-AF57-4284-B478-CC4AFB2A966A}
	EndGlobalSection
EndGlobal
